
Microsoft Visual Studio Solution File, Format Version 12.00
# Visual Studio 15
VisualStudioVersion = 15.0.27703.2042
MinimumVisualStudioVersion = 10.0.40219.1
Project("{FAE04EC0-301F-11D3-BF4B-00C04F79EFBC}") = "MediumServerExample", "MediumServerExample\MediumServerExample.csproj", "{732FAE08-8FC3-4B8C-8200-965D74012A87}"
EndProject
Project("{FAE04EC0-301F-11D3-BF4B-00C04F79EFBC}") = "MediumServer", "MediumServer\MediumServer.csproj", "{AF1D71B8-A356-4C8C-A3F0-76E11E0F2765}"
EndProject
Global
	GlobalSection(SolutionConfigurationPlatforms) = preSolution
		Debug|Any CPU = Debug|Any CPU
		Debug|ARM = Debug|ARM
		Debug|x64 = Debug|x64
		Debug|x86 = Debug|x86
		Release|Any CPU = Release|Any CPU
		Release|ARM = Release|ARM
		Release|x64 = Release|x64
		Release|x86 = Release|x86
	EndGlobalSection
	GlobalSection(ProjectConfigurationPlatforms) = postSolution
		{732FAE08-8FC3-4B8C-8200-965D74012A87}.Debug|Any CPU.ActiveCfg = Debug|x86
		{732FAE08-8FC3-4B8C-8200-965D74012A87}.Debug|ARM.ActiveCfg = Debug|ARM
		{732FAE08-8FC3-4B8C-8200-965D74012A87}.Debug|ARM.Build.0 = Debug|ARM
		{732FAE08-8FC3-4B8C-8200-965D74012A87}.Debug|ARM.Deploy.0 = Debug|ARM
		{732FAE08-8FC3-4B8C-8200-965D74012A87}.Debug|x64.ActiveCfg = Debug|x64
		{732FAE08-8FC3-4B8C-8200-965D74012A87}.Debug|x64.Build.0 = Debug|x64
		{732FAE08-8FC3-4B8C-8200-965D74012A87}.Debug|x64.Deploy.0 = Debug|x64
		{732FAE08-8FC3-4B8C-8200-965D74012A87}.Debug|x86.ActiveCfg = Debug|x86
		{732FAE08-8FC3-4B8C-8200-965D74012A87}.Debug|x86.Build.0 = Debug|x86
		{732FAE08-8FC3-4B8C-8200-965D74012A87}.Debug|x86.Deploy.0 = Debug|x86
		{732FAE08-8FC3-4B8C-8200-965D74012A87}.Release|Any CPU.ActiveCfg = Release|x86
		{732FAE08-8FC3-4B8C-8200-965D74012A87}.Release|ARM.ActiveCfg = Release|ARM
		{732FAE08-8FC3-4B8C-8200-965D74012A87}.Release|ARM.Build.0 = Release|ARM
		{732FAE08-8FC3-4B8C-8200-965D74012A87}.Release|ARM.Deploy.0 = Release|ARM
		{732FAE08-8FC3-4B8C-8200-965D74012A87}.Release|x64.ActiveCfg = Release|x64
		{732FAE08-8FC3-4B8C-8200-965D74012A87}.Release|x64.Build.0 = Release|x64
		{732FAE08-8FC3-4B8C-8200-965D74012A87}.Release|x64.Deploy.0 = Release|x64
		{732FAE08-8FC3-4B8C-8200-965D74012A87}.Release|x86.ActiveCfg = Release|x86
		{732FAE08-8FC3-4B8C-8200-965D74012A87}.Release|x86.Build.0 = Release|x86
		{732FAE08-8FC3-4B8C-8200-965D74012A87}.Release|x86.Deploy.0 = Release|x86
		{AF1D71B8-A356-4C8C-A3F0-76E11E0F2765}.Debug|Any CPU.ActiveCfg = Debug|Any CPU
		{AF1D71B8-A356-4C8C-A3F0-76E11E0F2765}.Debug|Any CPU.Build.0 = Debug|Any CPU
		{AF1D71B8-A356-4C8C-A3F0-76E11E0F2765}.Debug|ARM.ActiveCfg = Debug|ARM
		{AF1D71B8-A356-4C8C-A3F0-76E11E0F2765}.Debug|ARM.Build.0 = Debug|ARM
		{AF1D71B8-A356-4C8C-A3F0-76E11E0F2765}.Debug|x64.ActiveCfg = Debug|x64
		{AF1D71B8-A356-4C8C-A3F0-76E11E0F2765}.Debug|x64.Build.0 = Debug|x64
		{AF1D71B8-A356-4C8C-A3F0-76E11E0F2765}.Debug|x86.ActiveCfg = Debug|x86
		{AF1D71B8-A356-4C8C-A3F0-76E11E0F2765}.Debug|x86.Build.0 = Debug|x86
		{AF1D71B8-A356-4C8C-A3F0-76E11E0F2765}.Release|Any CPU.ActiveCfg = Release|Any CPU
		{AF1D71B8-A356-4C8C-A3F0-76E11E0F2765}.Release|Any CPU.Build.0 = Release|Any CPU
		{AF1D71B8-A356-4C8C-A3F0-76E11E0F2765}.Release|ARM.ActiveCfg = Release|ARM
		{AF1D71B8-A356-4C8C-A3F0-76E11E0F2765}.Release|ARM.Build.0 = Release|ARM
		{AF1D71B8-A356-4C8C-A3F0-76E11E0F2765}.Release|x64.ActiveCfg = Release|x64
		{AF1D71B8-A356-4C8C-A3F0-76E11E0F2765}.Release|x64.Build.0 = Release|x64
		{AF1D71B8-A356-4C8C-A3F0-76E11E0F2765}.Release|x86.ActiveCfg = Release|x86
		{AF1D71B8-A356-4C8C-A3F0-76E11E0F2765}.Release|x86.Build.0 = Release|x86
	EndGlobalSection
	GlobalSection(SolutionProperties) = preSolution
		HideSolutionNode = FALSE
	EndGlobalSection
	GlobalSection(ExtensibilityGlobals) = postSolution
		SolutionGuid = {5D607208-BCFD-4F65-8448-53DAF119A3B6}
	EndGlobalSection
EndGlobal
